
Microsoft Visual Studio Solution File, Format Version 12.00
# Visual Studio Version 17
VisualStudioVersion = 17.0.32014.148
MinimumVisualStudioVersion = 10.0.40219.1
Project("{9A19103F-16F7-4668-BE54-9A1E7A4F7556}") = "Ontaz.Api", "Ontaz.Api\Ontaz.Api.csproj", "{6F430D2B-C674-4DFA-B9B7-ECB27887BC8B}"
EndProject
Project("{FAE04EC0-301F-11D3-BF4B-00C04F79EFBC}") = "Ontaz.Service", "Ontaz.Service\Ontaz.Service.csproj", "{85FE6F6D-BADC-4DA8-AB1C-441D08E14389}"
EndProject
Project("{FAE04EC0-301F-11D3-BF4B-00C04F79EFBC}") = "Ontaz.Dal", "Ontaz.Dal\Ontaz.Dal.csproj", "{2A39BFC5-21A7-46A1-8D8F-A86D662DEBEB}"
EndProject
Project("{2150E333-8FDC-42A3-9474-1A3956D46DE8}") = "Solution Items", "Solution Items", "{A29A6DB9-FE9A-4126-AA90-9ED85AD546FE}"
	ProjectSection(SolutionItems) = preProject
		Connection.txt = Connection.txt
	EndProjectSection
EndProject
Global
	GlobalSection(SolutionConfigurationPlatforms) = preSolution
		Debug|Any CPU = Debug|Any CPU
		Release|Any CPU = Release|Any CPU
	EndGlobalSection
	GlobalSection(ProjectConfigurationPlatforms) = postSolution
		{6F430D2B-C674-4DFA-B9B7-ECB27887BC8B}.Debug|Any CPU.ActiveCfg = Debug|Any CPU
		{6F430D2B-C674-4DFA-B9B7-ECB27887BC8B}.Debug|Any CPU.Build.0 = Debug|Any CPU
		{6F430D2B-C674-4DFA-B9B7-ECB27887BC8B}.Release|Any CPU.ActiveCfg = Release|Any CPU
		{6F430D2B-C674-4DFA-B9B7-ECB27887BC8B}.Release|Any CPU.Build.0 = Release|Any CPU
		{85FE6F6D-BADC-4DA8-AB1C-441D08E14389}.Debug|Any CPU.ActiveCfg = Debug|Any CPU
		{85FE6F6D-BADC-4DA8-AB1C-441D08E14389}.Debug|Any CPU.Build.0 = Debug|Any CPU
		{85FE6F6D-BADC-4DA8-AB1C-441D08E14389}.Release|Any CPU.ActiveCfg = Release|Any CPU
		{85FE6F6D-BADC-4DA8-AB1C-441D08E14389}.Release|Any CPU.Build.0 = Release|Any CPU
		{2A39BFC5-21A7-46A1-8D8F-A86D662DEBEB}.Debug|Any CPU.ActiveCfg = Debug|Any CPU
		{2A39BFC5-21A7-46A1-8D8F-A86D662DEBEB}.Debug|Any CPU.Build.0 = Debug|Any CPU
		{2A39BFC5-21A7-46A1-8D8F-A86D662DEBEB}.Release|Any CPU.ActiveCfg = Release|Any CPU
		{2A39BFC5-21A7-46A1-8D8F-A86D662DEBEB}.Release|Any CPU.Build.0 = Release|Any CPU
	EndGlobalSection
	GlobalSection(SolutionProperties) = preSolution
		HideSolutionNode = FALSE
	EndGlobalSection
	GlobalSection(ExtensibilityGlobals) = postSolution
		SolutionGuid = {A41E814A-741F-4639-ABD5-FFFA5EF652B3}
	EndGlobalSection
EndGlobal
